
Microsoft Visual Studio Solution File, Format Version 12.00
# Visual Studio Version 17
VisualStudioVersion = 17.2.32630.192
MinimumVisualStudioVersion = 10.0.40219.1
Project("{FAE04EC0-301F-11D3-BF4B-00C04F79EFBC}") = "WebApplication5", "\WebApplication5.csproj", "{12E5795E-C347-45F4-99B2-E888AE5526D0}"
EndProject
Global
	GlobalSection(SolutionConfigurationPlatforms) = preSolution
		Debug|Any CPU = Debug|Any CPU
		Release|Any CPU = Release|Any CPU
	EndGlobalSection
	GlobalSection(ProjectConfigurationPlatforms) = postSolution
		{12E5795E-C347-45F4-99B2-E888AE5526D0}.Debug|Any CPU.ActiveCfg = Debug|Any CPU
		{12E5795E-C347-45F4-99B2-E888AE5526D0}.Debug|Any CPU.Build.0 = Debug|Any CPU
		{12E5795E-C347-45F4-99B2-E888AE5526D0}.Release|Any CPU.ActiveCfg = Release|Any CPU
		{12E5795E-C347-45F4-99B2-E888AE5526D0}.Release|Any CPU.Build.0 = Release|Any CPU
	EndGlobalSection
	GlobalSection(SolutionProperties) = preSolution
		HideSolutionNode = FALSE
	EndGlobalSection
	GlobalSection(ExtensibilityGlobals) = postSolution
		SolutionGuid = {AAAB7381-AA39-466E-A36B-9F144676275B}
	EndGlobalSection
EndGlobal
